{
  "version": 4,
  "terraform_version": "1.2.9",
  "serial": 15,
  "lineage": "dcecc00a-ac53-96fe-4936-426e221c45f4",
  "outputs": {
    "s3_kms_terraform_backend_arn": {
      "value": "arn:aws:kms:us-east-1:175189267104:key/b1c0859a-26c4-45af-9276-f7be03d824f5",
      "type": "string"
    },
    "s3_kms_terraform_backend_id": {
      "value": "b1c0859a-26c4-45af-9276-f7be03d824f5",
      "type": "string"
    },
    "s3_terraform_remote_backend_arn": {
      "value": "arn:aws:s3:::s3-ue1-terraform-eks-demo-infra-prod-terraform-backend-70",
      "type": "string"
    },
    "s3_terraform_remote_backend_id": {
      "value": "s3-ue1-terraform-eks-demo-infra-prod-terraform-backend-70",
      "type": "string"
    }
  },
  "resources": [
    {
      "mode": "data",
      "type": "aws_caller_identity",
      "name": "current",
      "provider": "provider[\"registry.terraform.io/hashicorp/aws\"]",
      "instances": [
        {
          "schema_version": 0,
          "attributes": {
            "account_id": "175189267104",
            "arn": "arn:aws:iam::175189267104:user/cloud_user",
            "id": "175189267104",
            "user_id": "AIDASRSQYCKQHO2FSJDAT"
          },
          "sensitive_attributes": []
        }
      ]
    },
    {
      "module": "module.terraform_remote_backend",
      "mode": "data",
      "type": "aws_caller_identity",
      "name": "this",
      "provider": "provider[\"registry.terraform.io/hashicorp/aws\"]",
      "instances": [
        {
          "schema_version": 0,
          "attributes": {
            "account_id": "175189267104",
            "arn": "arn:aws:iam::175189267104:user/cloud_user",
            "id": "175189267104",
            "user_id": "AIDASRSQYCKQHO2FSJDAT"
          },
          "sensitive_attributes": []
        }
      ]
    },
    {
      "module": "module.terraform_remote_backend",
      "mode": "data",
      "type": "aws_iam_policy_document",
      "name": "bucket_policy",
      "provider": "provider[\"registry.terraform.io/hashicorp/aws\"]",
      "instances": [
        {
          "schema_version": 0,
          "attributes": {
            "id": "3972915934",
            "json": "{\n  \"Version\": \"2012-10-17\",\n  \"Statement\": [\n    {\n      \"Effect\": \"Allow\",\n      \"Action\": \"s3:ListBucket\",\n      \"Resource\": \"arn:aws:s3:::s3-ue1-terraform-eks-demo-infra-prod-terraform-backend-70\",\n      \"Principal\": {\n        \"AWS\": \"arn:aws:iam::175189267104:root\"\n      }\n    },\n    {\n      \"Effect\": \"Allow\",\n      \"Action\": [\n        \"s3:PutObject\",\n        \"s3:GetObject\"\n      ],\n      \"Resource\": \"arn:aws:s3:::s3-ue1-terraform-eks-demo-infra-prod-terraform-backend-70/*\",\n      \"Principal\": {\n        \"AWS\": \"arn:aws:iam::175189267104:root\"\n      }\n    }\n  ]\n}",
            "override_policy_documents": null,
            "policy_id": null,
            "source_policy_documents": null,
            "statement": [
              {
                "actions": [
                  "s3:ListBucket"
                ],
                "condition": [],
                "effect": "Allow",
                "not_actions": [],
                "not_principals": [],
                "not_resources": [],
                "principals": [
                  {
                    "identifiers": [
                      "arn:aws:iam::175189267104:root"
                    ],
                    "type": "AWS"
                  }
                ],
                "resources": [
                  "arn:aws:s3:::s3-ue1-terraform-eks-demo-infra-prod-terraform-backend-70"
                ],
                "sid": ""
              },
              {
                "actions": [
                  "s3:GetObject",
                  "s3:PutObject"
                ],
                "condition": [],
                "effect": "Allow",
                "not_actions": [],
                "not_principals": [],
                "not_resources": [],
                "principals": [
                  {
                    "identifiers": [
                      "arn:aws:iam::175189267104:root"
                    ],
                    "type": "AWS"
                  }
                ],
                "resources": [
                  "arn:aws:s3:::s3-ue1-terraform-eks-demo-infra-prod-terraform-backend-70/*"
                ],
                "sid": ""
              }
            ],
            "version": "2012-10-17"
          },
          "sensitive_attributes": []
        }
      ]
    },
    {
      "module": "module.terraform_remote_backend",
      "mode": "data",
      "type": "aws_iam_policy_document",
      "name": "s3_terraform_states_kms_key_policy",
      "provider": "provider[\"registry.terraform.io/hashicorp/aws\"]",
      "instances": [
        {
          "schema_version": 0,
          "attributes": {
            "id": "3298674134",
            "json": "{\n  \"Version\": \"2012-10-17\",\n  \"Statement\": [\n    {\n      \"Sid\": \"Allow access for Key Administrators\",\n      \"Effect\": \"Allow\",\n      \"Action\": [\n        \"kms:Update*\",\n        \"kms:UntagResource\",\n        \"kms:TagResource\",\n        \"kms:ScheduleKeyDeletion\",\n        \"kms:Revoke*\",\n        \"kms:Put*\",\n        \"kms:List*\",\n        \"kms:Get*\",\n        \"kms:Enable*\",\n        \"kms:Disable*\",\n        \"kms:Describe*\",\n        \"kms:Delete*\",\n        \"kms:Create*\",\n        \"kms:CancelKeyDeletion\"\n      ],\n      \"Resource\": \"*\",\n      \"Principal\": {\n        \"AWS\": \"arn:aws:iam::175189267104:root\"\n      }\n    },\n    {\n      \"Sid\": \"Allow use of the key\",\n      \"Effect\": \"Allow\",\n      \"Action\": [\n        \"kms:ReEncrypt*\",\n        \"kms:GenerateDataKey*\",\n        \"kms:Encrypt\",\n        \"kms:DescribeKey\",\n        \"kms:Decrypt\"\n      ],\n      \"Resource\": \"*\",\n      \"Principal\": {\n        \"AWS\": \"arn:aws:iam::175189267104:root\"\n      }\n    },\n    {\n      \"Sid\": \"Allow attachment of persistent resources\",\n      \"Effect\": \"Allow\",\n      \"Action\": [\n        \"kms:RevokeGrant\",\n        \"kms:ListGrants\",\n        \"kms:CreateGrant\"\n      ],\n      \"Resource\": \"*\",\n      \"Principal\": {\n        \"AWS\": \"arn:aws:iam::175189267104:root\"\n      },\n      \"Condition\": {\n        \"Bool\": {\n          \"kms:GrantIsForAWSResource\": \"true\"\n        }\n      }\n    }\n  ]\n}",
            "override_policy_documents": null,
            "policy_id": null,
            "source_policy_documents": null,
            "statement": [
              {
                "actions": [
                  "kms:CancelKeyDeletion",
                  "kms:Create*",
                  "kms:Delete*",
                  "kms:Describe*",
                  "kms:Disable*",
                  "kms:Enable*",
                  "kms:Get*",
                  "kms:List*",
                  "kms:Put*",
                  "kms:Revoke*",
                  "kms:ScheduleKeyDeletion",
                  "kms:TagResource",
                  "kms:UntagResource",
                  "kms:Update*"
                ],
                "condition": [],
                "effect": "Allow",
                "not_actions": [],
                "not_principals": [],
                "not_resources": [],
                "principals": [
                  {
                    "identifiers": [
                      "arn:aws:iam::175189267104:root"
                    ],
                    "type": "AWS"
                  }
                ],
                "resources": [
                  "*"
                ],
                "sid": "Allow access for Key Administrators"
              },
              {
                "actions": [
                  "kms:Decrypt",
                  "kms:DescribeKey",
                  "kms:Encrypt",
                  "kms:GenerateDataKey*",
                  "kms:ReEncrypt*"
                ],
                "condition": [],
                "effect": "Allow",
                "not_actions": [],
                "not_principals": [],
                "not_resources": [],
                "principals": [
                  {
                    "identifiers": [
                      "arn:aws:iam::175189267104:root"
                    ],
                    "type": "AWS"
                  }
                ],
                "resources": [
                  "*"
                ],
                "sid": "Allow use of the key"
              },
              {
                "actions": [
                  "kms:CreateGrant",
                  "kms:ListGrants",
                  "kms:RevokeGrant"
                ],
                "condition": [
                  {
                    "test": "Bool",
                    "values": [
                      "true"
                    ],
                    "variable": "kms:GrantIsForAWSResource"
                  }
                ],
                "effect": "Allow",
                "not_actions": [],
                "not_principals": [],
                "not_resources": [],
                "principals": [
                  {
                    "identifiers": [
                      "arn:aws:iam::175189267104:root"
                    ],
                    "type": "AWS"
                  }
                ],
                "resources": [
                  "*"
                ],
                "sid": "Allow attachment of persistent resources"
              }
            ],
            "version": "2012-10-17"
          },
          "sensitive_attributes": []
        }
      ]
    },
    {
      "module": "module.terraform_remote_backend",
      "mode": "managed",
      "type": "random_integer",
      "name": "digits",
      "provider": "provider[\"registry.terraform.io/hashicorp/random\"]",
      "instances": [
        {
          "schema_version": 0,
          "attributes": {
            "id": "70",
            "keepers": {
              "listener_arn": "terraform-eks-demo-infra"
            },
            "max": 100,
            "min": 1,
            "result": 70,
            "seed": null
          },
          "sensitive_attributes": [],
          "private": "bnVsbA=="
        }
      ]
    },
    {
      "module": "module.terraform_remote_backend.module.s3_bucket_terraform_remote_backend",
      "mode": "data",
      "type": "aws_canonical_user_id",
      "name": "this",
      "provider": "provider[\"registry.terraform.io/hashicorp/aws\"]",
      "instances": [
        {
          "schema_version": 0,
          "attributes": {
            "display_name": "lab-aws+LabServices-prod-7989",
            "id": "aa6982761ab5961c47503bc51afebbc0fdcb1c612c6665268214afea30c5e81f"
          },
          "sensitive_attributes": []
        }
      ]
    },
    {
      "module": "module.terraform_remote_backend.module.s3_bucket_terraform_remote_backend",
      "mode": "managed",
      "type": "aws_s3_bucket",
      "name": "this",
      "provider": "provider[\"registry.terraform.io/hashicorp/aws\"]",
      "instances": [
        {
          "index_key": 0,
          "schema_version": 0,
          "attributes": {
            "acceleration_status": "",
            "acl": null,
            "arn": "arn:aws:s3:::s3-ue1-terraform-eks-demo-infra-prod-terraform-backend-70",
            "bucket": "s3-ue1-terraform-eks-demo-infra-prod-terraform-backend-70",
            "bucket_domain_name": "s3-ue1-terraform-eks-demo-infra-prod-terraform-backend-70.s3.amazonaws.com",
            "bucket_prefix": "",
            "bucket_regional_domain_name": "s3-ue1-terraform-eks-demo-infra-prod-terraform-backend-70.s3.us-east-1.amazonaws.com",
            "cors_rule": [],
            "force_destroy": true,
            "grant": [
              {
                "id": "aa6982761ab5961c47503bc51afebbc0fdcb1c612c6665268214afea30c5e81f",
                "permissions": [
                  "FULL_CONTROL"
                ],
                "type": "CanonicalUser",
                "uri": ""
              }
            ],
            "hosted_zone_id": "Z3AQBSTGFYJSTF",
            "id": "s3-ue1-terraform-eks-demo-infra-prod-terraform-backend-70",
            "lifecycle_rule": [],
            "logging": [],
            "object_lock_configuration": [],
            "object_lock_enabled": false,
            "policy": "",
            "region": "us-east-1",
            "replication_configuration": [],
            "request_payer": "BucketOwner",
            "server_side_encryption_configuration": [
              {
                "rule": [
                  {
                    "apply_server_side_encryption_by_default": [
                      {
                        "kms_master_key_id": "arn:aws:kms:us-east-1:175189267104:key/b1c0859a-26c4-45af-9276-f7be03d824f5",
                        "sse_algorithm": "aws:kms"
                      }
                    ],
                    "bucket_key_enabled": false
                  }
                ]
              }
            ],
            "tags": {
              "Application": "terraform-eks-demo-infra",
              "Name": "s3-ue1-terraform-eks-demo-infra-prod-terraform-backend-70",
              "Region": "us-east-1"
            },
            "tags_all": {
              "Application": "terraform-eks-demo-infra",
              "Name": "s3-ue1-terraform-eks-demo-infra-prod-terraform-backend-70",
              "Region": "us-east-1"
            },
            "timeouts": null,
            "versioning": [
              {
                "enabled": true,
                "mfa_delete": false
              }
            ],
            "website": [],
            "website_domain": null,
            "website_endpoint": null
          },
          "sensitive_attributes": [],
          "private": "eyJlMmJmYjczMC1lY2FhLTExZTYtOGY4OC0zNDM2M2JjN2M0YzAiOnsiY3JlYXRlIjoxMjAwMDAwMDAwMDAwLCJkZWxldGUiOjM2MDAwMDAwMDAwMDAsInJlYWQiOjEyMDAwMDAwMDAwMDAsInVwZGF0ZSI6MTIwMDAwMDAwMDAwMH19",
          "dependencies": [
            "module.terraform_remote_backend.random_integer.digits"
          ]
        }
      ]
    },
    {
      "module": "module.terraform_remote_backend.module.s3_bucket_terraform_remote_backend",
      "mode": "managed",
      "type": "aws_s3_bucket_policy",
      "name": "this",
      "provider": "provider[\"registry.terraform.io/hashicorp/aws\"]",
      "instances": []
    },
    {
      "module": "module.terraform_remote_backend.module.s3_bucket_terraform_remote_backend",
      "mode": "managed",
      "type": "aws_s3_bucket_public_access_block",
      "name": "this",
      "provider": "provider[\"registry.terraform.io/hashicorp/aws\"]",
      "instances": [
        {
          "index_key": 0,
          "schema_version": 0,
          "attributes": {
            "block_public_acls": true,
            "block_public_policy": true,
            "bucket": "s3-ue1-terraform-eks-demo-infra-prod-terraform-backend-70",
            "id": "s3-ue1-terraform-eks-demo-infra-prod-terraform-backend-70",
            "ignore_public_acls": true,
            "restrict_public_buckets": true
          },
          "sensitive_attributes": [],
          "private": "bnVsbA==",
          "dependencies": [
            "module.terraform_remote_backend.data.aws_caller_identity.this",
            "module.terraform_remote_backend.data.aws_iam_policy_document.bucket_policy",
            "module.terraform_remote_backend.module.s3_bucket_terraform_remote_backend.aws_s3_bucket.this",
            "module.terraform_remote_backend.module.s3_bucket_terraform_remote_backend.aws_s3_bucket_policy.this",
            "module.terraform_remote_backend.module.s3_bucket_terraform_remote_backend.data.aws_elb_service_account.this",
            "module.terraform_remote_backend.module.s3_bucket_terraform_remote_backend.data.aws_iam_policy_document.combined",
            "module.terraform_remote_backend.module.s3_bucket_terraform_remote_backend.data.aws_iam_policy_document.deny_insecure_transport",
            "module.terraform_remote_backend.module.s3_bucket_terraform_remote_backend.data.aws_iam_policy_document.elb_log_delivery",
            "module.terraform_remote_backend.module.s3_bucket_terraform_remote_backend.data.aws_iam_policy_document.lb_log_delivery",
            "module.terraform_remote_backend.module.s3_bucket_terraform_remote_backend.data.aws_iam_policy_document.require_latest_tls",
            "module.terraform_remote_backend.random_integer.digits"
          ]
        }
      ]
    },
    {
      "module": "module.terraform_remote_backend.module.s3_bucket_terraform_remote_backend",
      "mode": "managed",
      "type": "aws_s3_bucket_server_side_encryption_configuration",
      "name": "this",
      "provider": "provider[\"registry.terraform.io/hashicorp/aws\"]",
      "instances": [
        {
          "index_key": 0,
          "schema_version": 0,
          "attributes": {
            "bucket": "s3-ue1-terraform-eks-demo-infra-prod-terraform-backend-70",
            "expected_bucket_owner": "",
            "id": "s3-ue1-terraform-eks-demo-infra-prod-terraform-backend-70",
            "rule": [
              {
                "apply_server_side_encryption_by_default": [
                  {
                    "kms_master_key_id": "arn:aws:kms:us-east-1:175189267104:key/b1c0859a-26c4-45af-9276-f7be03d824f5",
                    "sse_algorithm": "aws:kms"
                  }
                ],
                "bucket_key_enabled": false
              }
            ]
          },
          "sensitive_attributes": [],
          "private": "bnVsbA==",
          "dependencies": [
            "module.terraform_remote_backend.data.aws_caller_identity.this",
            "module.terraform_remote_backend.data.aws_iam_policy_document.s3_terraform_states_kms_key_policy",
            "module.terraform_remote_backend.module.s3_bucket_terraform_remote_backend.aws_s3_bucket.this",
            "module.terraform_remote_backend.module.s3_kms_key_terraform_backend.aws_kms_key.this",
            "module.terraform_remote_backend.random_integer.digits"
          ]
        }
      ]
    },
    {
      "module": "module.terraform_remote_backend.module.s3_bucket_terraform_remote_backend",
      "mode": "managed",
      "type": "aws_s3_bucket_versioning",
      "name": "this",
      "provider": "provider[\"registry.terraform.io/hashicorp/aws\"]",
      "instances": [
        {
          "index_key": 0,
          "schema_version": 0,
          "attributes": {
            "bucket": "s3-ue1-terraform-eks-demo-infra-prod-terraform-backend-70",
            "expected_bucket_owner": "",
            "id": "s3-ue1-terraform-eks-demo-infra-prod-terraform-backend-70",
            "mfa": null,
            "versioning_configuration": [
              {
                "mfa_delete": "",
                "status": "Enabled"
              }
            ]
          },
          "sensitive_attributes": [],
          "private": "bnVsbA==",
          "dependencies": [
            "module.terraform_remote_backend.module.s3_bucket_terraform_remote_backend.aws_s3_bucket.this",
            "module.terraform_remote_backend.random_integer.digits"
          ]
        }
      ]
    },
    {
      "module": "module.terraform_remote_backend.module.s3_kms_key_terraform_backend",
      "mode": "managed",
      "type": "aws_kms_key",
      "name": "this",
      "provider": "provider[\"registry.terraform.io/hashicorp/aws\"]",
      "instances": [
        {
          "schema_version": 0,
          "attributes": {
            "arn": "arn:aws:kms:us-east-1:175189267104:key/b1c0859a-26c4-45af-9276-f7be03d824f5",
            "bypass_policy_lockout_safety_check": false,
            "custom_key_store_id": "",
            "customer_master_key_spec": "SYMMETRIC_DEFAULT",
            "deletion_window_in_days": 30,
            "description": "Kms key used for Terraform remote states stored in S3",
            "enable_key_rotation": true,
            "id": "b1c0859a-26c4-45af-9276-f7be03d824f5",
            "is_enabled": true,
            "key_id": "b1c0859a-26c4-45af-9276-f7be03d824f5",
            "key_usage": "ENCRYPT_DECRYPT",
            "multi_region": false,
            "policy": "{\"Statement\":[{\"Action\":[\"kms:Update*\",\"kms:UntagResource\",\"kms:TagResource\",\"kms:ScheduleKeyDeletion\",\"kms:Revoke*\",\"kms:Put*\",\"kms:List*\",\"kms:Get*\",\"kms:Enable*\",\"kms:Disable*\",\"kms:Describe*\",\"kms:Delete*\",\"kms:Create*\",\"kms:CancelKeyDeletion\"],\"Effect\":\"Allow\",\"Principal\":{\"AWS\":\"arn:aws:iam::175189267104:root\"},\"Resource\":\"*\",\"Sid\":\"Allow access for Key Administrators\"},{\"Action\":[\"kms:ReEncrypt*\",\"kms:GenerateDataKey*\",\"kms:Encrypt\",\"kms:DescribeKey\",\"kms:Decrypt\"],\"Effect\":\"Allow\",\"Principal\":{\"AWS\":\"arn:aws:iam::175189267104:root\"},\"Resource\":\"*\",\"Sid\":\"Allow use of the key\"},{\"Action\":[\"kms:RevokeGrant\",\"kms:ListGrants\",\"kms:CreateGrant\"],\"Condition\":{\"Bool\":{\"kms:GrantIsForAWSResource\":\"true\"}},\"Effect\":\"Allow\",\"Principal\":{\"AWS\":\"arn:aws:iam::175189267104:root\"},\"Resource\":\"*\",\"Sid\":\"Allow attachment of persistent resources\"}],\"Version\":\"2012-10-17\"}",
            "tags": {
              "Application": "terraform-eks-demo-infra",
              "Name": "alias/cmk-ue1-prod-s3-terraform-backend",
              "Region": "us-east-1"
            },
            "tags_all": {
              "Application": "terraform-eks-demo-infra",
              "Name": "alias/cmk-ue1-prod-s3-terraform-backend",
              "Region": "us-east-1"
            },
            "timeouts": null,
            "xks_key_id": ""
          },
          "sensitive_attributes": [],
          "private": "eyJlMmJmYjczMC1lY2FhLTExZTYtOGY4OC0zNDM2M2JjN2M0YzAiOnsiY3JlYXRlIjoxMjAwMDAwMDAwMDB9fQ==",
          "dependencies": [
            "module.terraform_remote_backend.data.aws_caller_identity.this",
            "module.terraform_remote_backend.data.aws_iam_policy_document.s3_terraform_states_kms_key_policy"
          ]
        }
      ]
    }
  ]
}
